<?xml version="1.0" encoding="utf-8"?>
<Project ToolsVersion="4.0" xmlns="http://schemas.microsoft.com/developer/msbuild/2003">
  <ItemGroup>
    <Filter Include="Source Files">
      <UniqueIdentifier>{4FC737F1-C7A5-4376-A066-2A32D752A2FF}</UniqueIdentifier>
      <Extensions>cpp;c;cc;cxx;def;odl;idl;hpj;bat;asm;asmx</Extensions>
    </Filter>
    <Filter Include="Header Files">
      <UniqueIdentifier>{93995380-89BD-4b04-88EB-625FBE52EBFB}</UniqueIdentifier>
      <Extensions>h;hh;hpp;hxx;hm;inl;inc;xsd</Extensions>
    </Filter>
    <Filter Include="Resource Files">
      <UniqueIdentifier>{67DA6AB6-F800-4c08-8B7A-83BB121AAD01}</UniqueIdentifier>
      <Extensions>rc;ico;cur;bmp;dlg;rc2;rct;bin;rgs;gif;jpg;jpeg;jpe;resx;tiff;tif;png;wav;mfcribbon-ms</Extensions>
    </Filter>
    <Filter Include="Header Files\Expression">
      <UniqueIdentifier>{57e10050-429e-451e-a227-31e724fb744d}</UniqueIdentifier>
    </Filter>
    <Filter Include="Source Files\Expression">
      <UniqueIdentifier>{0020aa60-fe3a-42fe-83e9-09f389ce218c}</UniqueIdentifier>
    </Filter>
  </ItemGroup>
  <ItemGroup>
    <Text Include="ReadMe.txt" />
  </ItemGroup>
  <ItemGroup>
    <ClInclude Include="stdafx.h">
      <Filter>Header Files</Filter>
    </ClInclude>
    <ClInclude Include="targetver.h">
      <Filter>Header Files</Filter>
    </ClInclude>
    <ClInclude Include="MsiPropertyGetterSetter.h">
      <Filter>Header Files</Filter>
    </ClInclude>
    <ClInclude Include="MsInstallerDatabase.h">
      <Filter>Header Files</Filter>
    </ClInclude>
    <ClInclude Include="MsInstallerTableSchema.h">
      <Filter>Header Files</Filter>
    </ClInclude>
    <ClInclude Include="RecordFieldStringGetter.h">
      <Filter>Header Files</Filter>
    </ClInclude>
    <ClInclude Include="MsInstallerCell.h">
      <Filter>Header Files</Filter>
    </ClInclude>
    <ClInclude Include="MsInstallerRecord.h">
      <Filter>Header Files</Filter>
    </ClInclude>
    <ClInclude Include="MsInstallerTable.h">
      <Filter>Header Files</Filter>
    </ClInclude>
    <ClInclude Include="MsInstallerView.h">
      <Filter>Header Files</Filter>
    </ClInclude>
    <ClInclude Include="DatabaseHandle.h">
      <Filter>Header Files</Filter>
    </ClInclude>
    <ClInclude Include="AndExpression.h">
      <Filter>Header Files\Expression</Filter>
    </ClInclude>
    <ClInclude Include="Expression.h">
      <Filter>Header Files\Expression</Filter>
    </ClInclude>
    <ClInclude Include="VariableExpression.h">
      <Filter>Header Files\Expression</Filter>
    </ClInclude>
    <ClInclude Include="UnaryExpression.h">
      <Filter>Header Files\Expression</Filter>
    </ClInclude>
    <ClInclude Include="MultipleExpression.h">
      <Filter>Header Files\Expression</Filter>
    </ClInclude>
    <ClInclude Include="NotExpression.h">
      <Filter>Header Files\Expression</Filter>
    </ClInclude>
    <ClInclude Include="OrExpression.h">
      <Filter>Header Files\Expression</Filter>
    </ClInclude>
    <ClInclude Include="Predicate.h">
      <Filter>Header Files\Expression</Filter>
    </ClInclude>
  </ItemGroup>
  <ItemGroup>
    <ClCompile Include="stdafx.cpp">
      <Filter>Source Files</Filter>
    </ClCompile>
    <ClCompile Include="MsiPropertyGetterSetter.cpp">
      <Filter>Source Files</Filter>
    </ClCompile>
    <ClCompile Include="MsInstallerDatabase.cpp">
      <Filter>Source Files</Filter>
    </ClCompile>
    <ClCompile Include="MsInstallerTableSchema.cpp">
      <Filter>Source Files</Filter>
    </ClCompile>
    <ClCompile Include="RecordFieldStringGetter.cpp">
      <Filter>Source Files</Filter>
    </ClCompile>
    <ClCompile Include="MsInstallerCell.cpp">
      <Filter>Source Files</Filter>
    </ClCompile>
    <ClCompile Include="MsInstallerView.cpp">
      <Filter>Source Files</Filter>
    </ClCompile>
    <ClCompile Include="MsInstallerRecord.cpp">
      <Filter>Source Files</Filter>
    </ClCompile>
    <ClCompile Include="MsInstallerTable.cpp">
      <Filter>Source Files</Filter>
    </ClCompile>
    <ClCompile Include="DatabaseHandle.cpp">
      <Filter>Source Files</Filter>
    </ClCompile>
    <ClCompile Include="AndExpression.cpp">
      <Filter>Source Files\Expression</Filter>
    </ClCompile>
    <ClCompile Include="Expression.cpp">
      <Filter>Source Files\Expression</Filter>
    </ClCompile>
    <ClCompile Include="MultipleExpression.cpp">
      <Filter>Source Files\Expression</Filter>
    </ClCompile>
    <ClCompile Include="NotExpression.cpp">
      <Filter>Source Files\Expression</Filter>
    </ClCompile>
    <ClCompile Include="OrExpression.cpp">
      <Filter>Source Files\Expression</Filter>
    </ClCompile>
    <ClCompile Include="UnaryExpression.cpp">
      <Filter>Source Files\Expression</Filter>
    </ClCompile>
    <ClCompile Include="VariableExpression.cpp">
      <Filter>Source Files\Expression</Filter>
    </ClCompile>
    <ClCompile Include="Predicate.cpp">
      <Filter>Source Files\Expression</Filter>
    </ClCompile>
  </ItemGroup>
</Project>